
Microsoft Visual Studio Solution File, Format Version 12.00
# Visual Studio Version 17
VisualStudioVersion = 17.5.002.0
MinimumVisualStudioVersion = 10.0.40219.1
Project("{2150E333-8FDC-42A3-9474-1A3956D46DE8}") = "csharp-prep", "csharp-prep", "{60328762-9D21-4FF0-865B-6EF03BDC0248}"
EndProject
Project("{9A19103F-16F7-4668-BE54-9A1E7A4F7556}") = "Prep1", "csharp-prep\Prep1\Prep1.csproj", "{3756304E-7638-4744-B66F-BE298B6A1762}"
EndProject
Project("{9A19103F-16F7-4668-BE54-9A1E7A4F7556}") = "Prep2", "csharp-prep\Prep2\Prep2.csproj", "{6ECE4627-5CB3-492A-ACC5-E147D25898ED}"
EndProject
Project("{9A19103F-16F7-4668-BE54-9A1E7A4F7556}") = "Prep3", "csharp-prep\Prep3\Prep3.csproj", "{F9546659-CC4C-4D66-8BFB-82CD4EF4FF04}"
EndProject
Project("{9A19103F-16F7-4668-BE54-9A1E7A4F7556}") = "Prep4", "csharp-prep\Prep4\Prep4.csproj", "{93601F1F-D7FD-4D53-95D7-E9627C23648C}"
EndProject
Project("{9A19103F-16F7-4668-BE54-9A1E7A4F7556}") = "Prep5", "csharp-prep\Prep5\Prep5.csproj", "{7426C9F2-AD4D-4180-8112-747A10049351}"
EndProject
Project("{2150E333-8FDC-42A3-9474-1A3956D46DE8}") = "final", "final", "{F7315DD9-DC2A-4181-9D2D-57CBC171CDB7}"
EndProject
Project("{9A19103F-16F7-4668-BE54-9A1E7A4F7556}") = "FinalProject", "final\FinalProject\FinalProject.csproj", "{234FE5A8-697E-479D-9C59-CCE60CCD90E5}"
EndProject
Project("{9A19103F-16F7-4668-BE54-9A1E7A4F7556}") = "Foundation1", "final\Foundation1\Foundation1.csproj", "{E792E23C-B900-4D18-8DB5-C76513D3155F}"
EndProject
Project("{9A19103F-16F7-4668-BE54-9A1E7A4F7556}") = "Foundation2", "final\Foundation2\Foundation2.csproj", "{DDD0EF7B-FEB0-4474-9CCD-441FE5979CF3}"
EndProject
Project("{9A19103F-16F7-4668-BE54-9A1E7A4F7556}") = "Foundation3", "final\Foundation3\Foundation3.csproj", "{4501382C-9C4F-40DB-9F59-F6AB67044948}"
EndProject
Project("{9A19103F-16F7-4668-BE54-9A1E7A4F7556}") = "Foundation4", "final\Foundation4\Foundation4.csproj", "{0E2A76EF-9A95-4C49-A0E4-E8D17F37BE2D}"
EndProject
Project("{2150E333-8FDC-42A3-9474-1A3956D46DE8}") = "prepare", "prepare", "{4B220869-5683-4281-B45B-38A77C939C52}"
EndProject
Project("{9A19103F-16F7-4668-BE54-9A1E7A4F7556}") = "Learning02", "prepare\Learning02\Learning02.csproj", "{719433E0-4C3F-42BB-8211-069D566BAE47}"
EndProject
Project("{9A19103F-16F7-4668-BE54-9A1E7A4F7556}") = "Learning03", "prepare\Learning03\Learning03.csproj", "{DA34E32A-1745-41D4-8EC8-E802A2A58765}"
EndProject
Project("{9A19103F-16F7-4668-BE54-9A1E7A4F7556}") = "Learning04", "prepare\Learning04\Learning04.csproj", "{DECD75E7-0A0B-4DFB-96C5-B1DDB3990EC2}"
EndProject
Project("{9A19103F-16F7-4668-BE54-9A1E7A4F7556}") = "Learning05", "prepare\Learning05\Learning05.csproj", "{DAE40FC5-27F0-49C7-8E54-F46397207265}"
EndProject
Project("{2150E333-8FDC-42A3-9474-1A3956D46DE8}") = "prove", "prove", "{DEA6BD18-934F-4EC4-A38F-EB3C7D3BA2FB}"
EndProject
Project("{9A19103F-16F7-4668-BE54-9A1E7A4F7556}") = "Develop02", "prove\Develop02\Develop02.csproj", "{1BB61F9C-64C0-4807-AA3F-D254ED850A2C}"
EndProject
Project("{9A19103F-16F7-4668-BE54-9A1E7A4F7556}") = "Develop03", "prove\Develop03\Develop03.csproj", "{7604CB38-9719-469E-8EE2-E5AAC73A9F1C}"
EndProject
Project("{9A19103F-16F7-4668-BE54-9A1E7A4F7556}") = "Develop04", "prove\Develop04\Develop04.csproj", "{1D079595-4D1E-4E78-BBF8-D90F47D72113}"
EndProject
Project("{9A19103F-16F7-4668-BE54-9A1E7A4F7556}") = "Develop05", "prove\Develop05\Develop05.csproj", "{CB2352CB-EAC2-4244-89E4-EB9B3C3048B0}"
EndProject
Project("{2150E333-8FDC-42A3-9474-1A3956D46DE8}") = "sandbox", "sandbox", "{17A11132-6F8B-4EA4-87E1-A7FA320E15C1}"
EndProject
Project("{9A19103F-16F7-4668-BE54-9A1E7A4F7556}") = "Sandbox", "sandbox\Sandbox\Sandbox.csproj", "{84E60BE2-F5A6-484B-AA55-AE291D8FE4D9}"
EndProject
Global
	GlobalSection(SolutionConfigurationPlatforms) = preSolution
		Debug|Any CPU = Debug|Any CPU
		Release|Any CPU = Release|Any CPU
	EndGlobalSection
	GlobalSection(ProjectConfigurationPlatforms) = postSolution
		{3756304E-7638-4744-B66F-BE298B6A1762}.Debug|Any CPU.ActiveCfg = Debug|Any CPU
		{3756304E-7638-4744-B66F-BE298B6A1762}.Debug|Any CPU.Build.0 = Debug|Any CPU
		{3756304E-7638-4744-B66F-BE298B6A1762}.Release|Any CPU.ActiveCfg = Release|Any CPU
		{3756304E-7638-4744-B66F-BE298B6A1762}.Release|Any CPU.Build.0 = Release|Any CPU
		{6ECE4627-5CB3-492A-ACC5-E147D25898ED}.Debug|Any CPU.ActiveCfg = Debug|Any CPU
		{6ECE4627-5CB3-492A-ACC5-E147D25898ED}.Debug|Any CPU.Build.0 = Debug|Any CPU
		{6ECE4627-5CB3-492A-ACC5-E147D25898ED}.Release|Any CPU.ActiveCfg = Release|Any CPU
		{6ECE4627-5CB3-492A-ACC5-E147D25898ED}.Release|Any CPU.Build.0 = Release|Any CPU
		{F9546659-CC4C-4D66-8BFB-82CD4EF4FF04}.Debug|Any CPU.ActiveCfg = Debug|Any CPU
		{F9546659-CC4C-4D66-8BFB-82CD4EF4FF04}.Debug|Any CPU.Build.0 = Debug|Any CPU
		{F9546659-CC4C-4D66-8BFB-82CD4EF4FF04}.Release|Any CPU.ActiveCfg = Release|Any CPU
		{F9546659-CC4C-4D66-8BFB-82CD4EF4FF04}.Release|Any CPU.Build.0 = Release|Any CPU
		{93601F1F-D7FD-4D53-95D7-E9627C23648C}.Debug|Any CPU.ActiveCfg = Debug|Any CPU
		{93601F1F-D7FD-4D53-95D7-E9627C23648C}.Debug|Any CPU.Build.0 = Debug|Any CPU
		{93601F1F-D7FD-4D53-95D7-E9627C23648C}.Release|Any CPU.ActiveCfg = Release|Any CPU
		{93601F1F-D7FD-4D53-95D7-E9627C23648C}.Release|Any CPU.Build.0 = Release|Any CPU
		{7426C9F2-AD4D-4180-8112-747A10049351}.Debug|Any CPU.ActiveCfg = Debug|Any CPU
		{7426C9F2-AD4D-4180-8112-747A10049351}.Debug|Any CPU.Build.0 = Debug|Any CPU
		{7426C9F2-AD4D-4180-8112-747A10049351}.Release|Any CPU.ActiveCfg = Release|Any CPU
		{7426C9F2-AD4D-4180-8112-747A10049351}.Release|Any CPU.Build.0 = Release|Any CPU
		{234FE5A8-697E-479D-9C59-CCE60CCD90E5}.Debug|Any CPU.ActiveCfg = Debug|Any CPU
		{234FE5A8-697E-479D-9C59-CCE60CCD90E5}.Debug|Any CPU.Build.0 = Debug|Any CPU
		{234FE5A8-697E-479D-9C59-CCE60CCD90E5}.Release|Any CPU.ActiveCfg = Release|Any CPU
		{234FE5A8-697E-479D-9C59-CCE60CCD90E5}.Release|Any CPU.Build.0 = Release|Any CPU
		{E792E23C-B900-4D18-8DB5-C76513D3155F}.Debug|Any CPU.ActiveCfg = Debug|Any CPU
		{E792E23C-B900-4D18-8DB5-C76513D3155F}.Debug|Any CPU.Build.0 = Debug|Any CPU
		{E792E23C-B900-4D18-8DB5-C76513D3155F}.Release|Any CPU.ActiveCfg = Release|Any CPU
		{E792E23C-B900-4D18-8DB5-C76513D3155F}.Release|Any CPU.Build.0 = Release|Any CPU
		{DDD0EF7B-FEB0-4474-9CCD-441FE5979CF3}.Debug|Any CPU.ActiveCfg = Debug|Any CPU
		{DDD0EF7B-FEB0-4474-9CCD-441FE5979CF3}.Debug|Any CPU.Build.0 = Debug|Any CPU
		{DDD0EF7B-FEB0-4474-9CCD-441FE5979CF3}.Release|Any CPU.ActiveCfg = Release|Any CPU
		{DDD0EF7B-FEB0-4474-9CCD-441FE5979CF3}.Release|Any CPU.Build.0 = Release|Any CPU
		{4501382C-9C4F-40DB-9F59-F6AB67044948}.Debug|Any CPU.ActiveCfg = Debug|Any CPU
		{4501382C-9C4F-40DB-9F59-F6AB67044948}.Debug|Any CPU.Build.0 = Debug|Any CPU
		{4501382C-9C4F-40DB-9F59-F6AB67044948}.Release|Any CPU.ActiveCfg = Release|Any CPU
		{4501382C-9C4F-40DB-9F59-F6AB67044948}.Release|Any CPU.Build.0 = Release|Any CPU
		{0E2A76EF-9A95-4C49-A0E4-E8D17F37BE2D}.Debug|Any CPU.ActiveCfg = Debug|Any CPU
		{0E2A76EF-9A95-4C49-A0E4-E8D17F37BE2D}.Debug|Any CPU.Build.0 = Debug|Any CPU
		{0E2A76EF-9A95-4C49-A0E4-E8D17F37BE2D}.Release|Any CPU.ActiveCfg = Release|Any CPU
		{0E2A76EF-9A95-4C49-A0E4-E8D17F37BE2D}.Release|Any CPU.Build.0 = Release|Any CPU
		{719433E0-4C3F-42BB-8211-069D566BAE47}.Debug|Any CPU.ActiveCfg = Debug|Any CPU
		{719433E0-4C3F-42BB-8211-069D566BAE47}.Debug|Any CPU.Build.0 = Debug|Any CPU
		{719433E0-4C3F-42BB-8211-069D566BAE47}.Release|Any CPU.ActiveCfg = Release|Any CPU
		{719433E0-4C3F-42BB-8211-069D566BAE47}.Release|Any CPU.Build.0 = Release|Any CPU
		{DA34E32A-1745-41D4-8EC8-E802A2A58765}.Debug|Any CPU.ActiveCfg = Debug|Any CPU
		{DA34E32A-1745-41D4-8EC8-E802A2A58765}.Debug|Any CPU.Build.0 = Debug|Any CPU
		{DA34E32A-1745-41D4-8EC8-E802A2A58765}.Release|Any CPU.ActiveCfg = Release|Any CPU
		{DA34E32A-1745-41D4-8EC8-E802A2A58765}.Release|Any CPU.Build.0 = Release|Any CPU
		{DECD75E7-0A0B-4DFB-96C5-B1DDB3990EC2}.Debug|Any CPU.ActiveCfg = Debug|Any CPU
		{DECD75E7-0A0B-4DFB-96C5-B1DDB3990EC2}.Debug|Any CPU.Build.0 = Debug|Any CPU
		{DECD75E7-0A0B-4DFB-96C5-B1DDB3990EC2}.Release|Any CPU.ActiveCfg = Release|Any CPU
		{DECD75E7-0A0B-4DFB-96C5-B1DDB3990EC2}.Release|Any CPU.Build.0 = Release|Any CPU
		{DAE40FC5-27F0-49C7-8E54-F46397207265}.Debug|Any CPU.ActiveCfg = Debug|Any CPU
		{DAE40FC5-27F0-49C7-8E54-F46397207265}.Debug|Any CPU.Build.0 = Debug|Any CPU
		{DAE40FC5-27F0-49C7-8E54-F46397207265}.Release|Any CPU.ActiveCfg = Release|Any CPU
		{DAE40FC5-27F0-49C7-8E54-F46397207265}.Release|Any CPU.Build.0 = Release|Any CPU
		{1BB61F9C-64C0-4807-AA3F-D254ED850A2C}.Debug|Any CPU.ActiveCfg = Debug|Any CPU
		{1BB61F9C-64C0-4807-AA3F-D254ED850A2C}.Debug|Any CPU.Build.0 = Debug|Any CPU
		{1BB61F9C-64C0-4807-AA3F-D254ED850A2C}.Release|Any CPU.ActiveCfg = Release|Any CPU
		{1BB61F9C-64C0-4807-AA3F-D254ED850A2C}.Release|Any CPU.Build.0 = Release|Any CPU
		{7604CB38-9719-469E-8EE2-E5AAC73A9F1C}.Debug|Any CPU.ActiveCfg = Debug|Any CPU
		{7604CB38-9719-469E-8EE2-E5AAC73A9F1C}.Debug|Any CPU.Build.0 = Debug|Any CPU
		{7604CB38-9719-469E-8EE2-E5AAC73A9F1C}.Release|Any CPU.ActiveCfg = Release|Any CPU
		{7604CB38-9719-469E-8EE2-E5AAC73A9F1C}.Release|Any CPU.Build.0 = Release|Any CPU
		{1D079595-4D1E-4E78-BBF8-D90F47D72113}.Debug|Any CPU.ActiveCfg = Debug|Any CPU
		{1D079595-4D1E-4E78-BBF8-D90F47D72113}.Debug|Any CPU.Build.0 = Debug|Any CPU
		{1D079595-4D1E-4E78-BBF8-D90F47D72113}.Release|Any CPU.ActiveCfg = Release|Any CPU
		{1D079595-4D1E-4E78-BBF8-D90F47D72113}.Release|Any CPU.Build.0 = Release|Any CPU
		{CB2352CB-EAC2-4244-89E4-EB9B3C3048B0}.Debug|Any CPU.ActiveCfg = Debug|Any CPU
		{CB2352CB-EAC2-4244-89E4-EB9B3C3048B0}.Debug|Any CPU.Build.0 = Debug|Any CPU
		{CB2352CB-EAC2-4244-89E4-EB9B3C3048B0}.Release|Any CPU.ActiveCfg = Release|Any CPU
		{CB2352CB-EAC2-4244-89E4-EB9B3C3048B0}.Release|Any CPU.Build.0 = Release|Any CPU
		{84E60BE2-F5A6-484B-AA55-AE291D8FE4D9}.Debug|Any CPU.ActiveCfg = Debug|Any CPU
		{84E60BE2-F5A6-484B-AA55-AE291D8FE4D9}.Debug|Any CPU.Build.0 = Debug|Any CPU
		{84E60BE2-F5A6-484B-AA55-AE291D8FE4D9}.Release|Any CPU.ActiveCfg = Release|Any CPU
		{84E60BE2-F5A6-484B-AA55-AE291D8FE4D9}.Release|Any CPU.Build.0 = Release|Any CPU
	EndGlobalSection
	GlobalSection(SolutionProperties) = preSolution
		HideSolutionNode = FALSE
	EndGlobalSection
	GlobalSection(NestedProjects) = preSolution
		{3756304E-7638-4744-B66F-BE298B6A1762} = {60328762-9D21-4FF0-865B-6EF03BDC0248}
		{6ECE4627-5CB3-492A-ACC5-E147D25898ED} = {60328762-9D21-4FF0-865B-6EF03BDC0248}
		{F9546659-CC4C-4D66-8BFB-82CD4EF4FF04} = {60328762-9D21-4FF0-865B-6EF03BDC0248}
		{93601F1F-D7FD-4D53-95D7-E9627C23648C} = {60328762-9D21-4FF0-865B-6EF03BDC0248}
		{7426C9F2-AD4D-4180-8112-747A10049351} = {60328762-9D21-4FF0-865B-6EF03BDC0248}
		{234FE5A8-697E-479D-9C59-CCE60CCD90E5} = {F7315DD9-DC2A-4181-9D2D-57CBC171CDB7}
		{E792E23C-B900-4D18-8DB5-C76513D3155F} = {F7315DD9-DC2A-4181-9D2D-57CBC171CDB7}
		{DDD0EF7B-FEB0-4474-9CCD-441FE5979CF3} = {F7315DD9-DC2A-4181-9D2D-57CBC171CDB7}
		{4501382C-9C4F-40DB-9F59-F6AB67044948} = {F7315DD9-DC2A-4181-9D2D-57CBC171CDB7}
		{0E2A76EF-9A95-4C49-A0E4-E8D17F37BE2D} = {F7315DD9-DC2A-4181-9D2D-57CBC171CDB7}
		{719433E0-4C3F-42BB-8211-069D566BAE47} = {4B220869-5683-4281-B45B-38A77C939C52}
		{DA34E32A-1745-41D4-8EC8-E802A2A58765} = {4B220869-5683-4281-B45B-38A77C939C52}
		{DECD75E7-0A0B-4DFB-96C5-B1DDB3990EC2} = {4B220869-5683-4281-B45B-38A77C939C52}
		{DAE40FC5-27F0-49C7-8E54-F46397207265} = {4B220869-5683-4281-B45B-38A77C939C52}
		{1BB61F9C-64C0-4807-AA3F-D254ED850A2C} = {DEA6BD18-934F-4EC4-A38F-EB3C7D3BA2FB}
		{7604CB38-9719-469E-8EE2-E5AAC73A9F1C} = {DEA6BD18-934F-4EC4-A38F-EB3C7D3BA2FB}
		{1D079595-4D1E-4E78-BBF8-D90F47D72113} = {DEA6BD18-934F-4EC4-A38F-EB3C7D3BA2FB}
		{CB2352CB-EAC2-4244-89E4-EB9B3C3048B0} = {DEA6BD18-934F-4EC4-A38F-EB3C7D3BA2FB}
		{84E60BE2-F5A6-484B-AA55-AE291D8FE4D9} = {17A11132-6F8B-4EA4-87E1-A7FA320E15C1}
	EndGlobalSection
	GlobalSection(ExtensibilityGlobals) = postSolution
		SolutionGuid = {E362C2F1-E420-4F32-9634-39BF97993DFB}
	EndGlobalSection
EndGlobal
